// !$*UTF8*$!
{
	archiveVersion = 1;
	classes = {
	};
	objectVersion = 56;
	objects = {

/* Begin PBXBuildFile section */
		1C7DA585694E4607BED44E1D /* Pods_SwiftUnity.framework in Frameworks */ = {isa = PBXBuildFile; fileRef = 03B5D3CD9678AE3C7FD9A08B /* Pods_SwiftUnity.framework */; };
		710688BC2ABDB189000436FA /* AppDelegate.swift in Sources */ = {isa = PBXBuildFile; fileRef = 710688BB2ABDB189000436FA /* AppDelegate.swift */; };
		710688BE2ABDB189000436FA /* SceneDelegate.swift in Sources */ = {isa = PBXBuildFile; fileRef = 710688BD2ABDB189000436FA /* SceneDelegate.swift */; };
		710688C02ABDB189000436FA /* ViewController.swift in Sources */ = {isa = PBXBuildFile; fileRef = 710688BF2ABDB189000436FA /* ViewController.swift */; };
		710688C32ABDB189000436FA /* Main.storyboard in Resources */ = {isa = PBXBuildFile; fileRef = 710688C12ABDB189000436FA /* Main.storyboard */; };
		710688C52ABDB18A000436FA /* Assets.xcassets in Resources */ = {isa = PBXBuildFile; fileRef = 710688C42ABDB18A000436FA /* Assets.xcassets */; };
		710688C82ABDB18A000436FA /* LaunchScreen.storyboard in Resources */ = {isa = PBXBuildFile; fileRef = 710688C62ABDB18A000436FA /* LaunchScreen.storyboard */; };
		7133430F2ABDBF3B00887350 /* UnityFramework.framework in Embed Frameworks */ = {isa = PBXBuildFile; fileRef = 7133430D2ABDBF3B00887350 /* UnityFramework.framework */; settings = {ATTRIBUTES = (CodeSignOnCopy, RemoveHeadersOnCopy, ); }; };
		7152161C2ABDBCF70001D86E /* Unity.swift in Sources */ = {isa = PBXBuildFile; fileRef = 7152161B2ABDBCF70001D86E /* Unity.swift */; };
		7152161E2ABDBD1A0001D86E /* ContentView.swift in Sources */ = {isa = PBXBuildFile; fileRef = 7152161D2ABDBD1A0001D86E /* ContentView.swift */; };
		71E903462ABDBFC500C67A12 /* VuforiaEngine.framework in Embed Frameworks */ = {isa = PBXBuildFile; fileRef = 71E903442ABDBFC500C67A12 /* VuforiaEngine.framework */; settings = {ATTRIBUTES = (CodeSignOnCopy, RemoveHeadersOnCopy, ); }; };
		71E903492ABDBFC900C67A12 /* UnityDriver.framework in Embed Frameworks */ = {isa = PBXBuildFile; fileRef = 71E903472ABDBFC900C67A12 /* UnityDriver.framework */; settings = {ATTRIBUTES = (CodeSignOnCopy, RemoveHeadersOnCopy, ); }; };
/* End PBXBuildFile section */

/* Begin PBXCopyFilesBuildPhase section */
		713343102ABDBF3B00887350 /* Embed Frameworks */ = {
			isa = PBXCopyFilesBuildPhase;
			buildActionMask = 2147483647;
			dstPath = "";
			dstSubfolderSpec = 10;
			files = (
				7133430F2ABDBF3B00887350 /* UnityFramework.framework in Embed Frameworks */,
				71E903492ABDBFC900C67A12 /* UnityDriver.framework in Embed Frameworks */,
				71E903462ABDBFC500C67A12 /* VuforiaEngine.framework in Embed Frameworks */,
			);
			name = "Embed Frameworks";
			runOnlyForDeploymentPostprocessing = 0;
		};
/* End PBXCopyFilesBuildPhase section */

/* Begin PBXFileReference section */
		03B5D3CD9678AE3C7FD9A08B /* Pods_SwiftUnity.framework */ = {isa = PBXFileReference; explicitFileType = wrapper.framework; includeInIndex = 0; path = Pods_SwiftUnity.framework; sourceTree = BUILT_PRODUCTS_DIR; };
		1030F6AA2CCC510B4F45496F /* Pods-SwiftUnity.debug.xcconfig */ = {isa = PBXFileReference; includeInIndex = 1; lastKnownFileType = text.xcconfig; name = "Pods-SwiftUnity.debug.xcconfig"; path = "Target Support Files/Pods-SwiftUnity/Pods-SwiftUnity.debug.xcconfig"; sourceTree = "<group>"; };
		710688BB2ABDB189000436FA /* AppDelegate.swift */ = {isa = PBXFileReference; lastKnownFileType = sourcecode.swift; path = AppDelegate.swift; sourceTree = "<group>"; };
		710688BD2ABDB189000436FA /* SceneDelegate.swift */ = {isa = PBXFileReference; lastKnownFileType = sourcecode.swift; path = SceneDelegate.swift; sourceTree = "<group>"; };
		710688BF2ABDB189000436FA /* ViewController.swift */ = {isa = PBXFileReference; lastKnownFileType = sourcecode.swift; path = ViewController.swift; sourceTree = "<group>"; };
		710688C22ABDB189000436FA /* Base */ = {isa = PBXFileReference; lastKnownFileType = file.storyboard; name = Base; path = Base.lproj/Main.storyboard; sourceTree = "<group>"; };
		710688C42ABDB18A000436FA /* Assets.xcassets */ = {isa = PBXFileReference; lastKnownFileType = folder.assetcatalog; path = Assets.xcassets; sourceTree = "<group>"; };
		710688C72ABDB18A000436FA /* Base */ = {isa = PBXFileReference; lastKnownFileType = file.storyboard; name = Base; path = Base.lproj/LaunchScreen.storyboard; sourceTree = "<group>"; };
		710688C92ABDB18A000436FA /* Info.plist */ = {isa = PBXFileReference; lastKnownFileType = text.plist.xml; path = Info.plist; sourceTree = "<group>"; };
		7133430B2ABDBEA000887350 /* SwiftUnity.app */ = {isa = PBXFileReference; explicitFileType = wrapper.application; includeInIndex = 0; path = SwiftUnity.app; sourceTree = BUILT_PRODUCTS_DIR; };
		7133430D2ABDBF3B00887350 /* UnityFramework.framework */ = {isa = PBXFileReference; explicitFileType = wrapper.framework; path = UnityFramework.framework; sourceTree = BUILT_PRODUCTS_DIR; };
		7152161B2ABDBCF70001D86E /* Unity.swift */ = {isa = PBXFileReference; lastKnownFileType = sourcecode.swift; path = Unity.swift; sourceTree = "<group>"; };
		7152161D2ABDBD1A0001D86E /* ContentView.swift */ = {isa = PBXFileReference; lastKnownFileType = sourcecode.swift; path = ContentView.swift; sourceTree = "<group>"; };
		71E903442ABDBFC500C67A12 /* VuforiaEngine.framework */ = {isa = PBXFileReference; lastKnownFileType = wrapper.framework; name = VuforiaEngine.framework; path = Frameworks/com.ptc.vuforia.engine/Vuforia/Plugins/iOS/VuforiaEngine.framework; sourceTree = "<group>"; };
		71E903472ABDBFC900C67A12 /* UnityDriver.framework */ = {isa = PBXFileReference; lastKnownFileType = wrapper.framework; name = UnityDriver.framework; path = Frameworks/com.ptc.vuforia.engine/Vuforia/Plugins/iOS/UnityDriver.framework; sourceTree = "<group>"; };
		CB2BE00BA4BDC84EE304C89E /* Pods-SwiftUnity.release.xcconfig */ = {isa = PBXFileReference; includeInIndex = 1; lastKnownFileType = text.xcconfig; name = "Pods-SwiftUnity.release.xcconfig"; path = "Target Support Files/Pods-SwiftUnity/Pods-SwiftUnity.release.xcconfig"; sourceTree = "<group>"; };
/* End PBXFileReference section */

/* Begin PBXFrameworksBuildPhase section */
		710688B52ABDB189000436FA /* Frameworks */ = {
			isa = PBXFrameworksBuildPhase;
			buildActionMask = 2147483647;
			files = (
				1C7DA585694E4607BED44E1D /* Pods_SwiftUnity.framework in Frameworks */,
			);
			runOnlyForDeploymentPostprocessing = 0;
		};
/* End PBXFrameworksBuildPhase section */

/* Begin PBXGroup section */
		3AC17EE0F452AA31132D01B2 /* Pods */ = {
			isa = PBXGroup;
			children = (
				1030F6AA2CCC510B4F45496F /* Pods-SwiftUnity.debug.xcconfig */,
				CB2BE00BA4BDC84EE304C89E /* Pods-SwiftUnity.release.xcconfig */,
			);
			name = Pods;
			path = Pods;
			sourceTree = "<group>";
		};
		710688AF2ABDB189000436FA = {
			isa = PBXGroup;
			children = (
				710688BA2ABDB189000436FA /* SwiftUnity */,
				7133430B2ABDBEA000887350 /* SwiftUnity.app */,
				7133430C2ABDBF3B00887350 /* Frameworks */,
				3AC17EE0F452AA31132D01B2 /* Pods */,
			);
			sourceTree = "<group>";
		};
		710688BA2ABDB189000436FA /* SwiftUnity */ = {
			isa = PBXGroup;
			children = (
				710688BB2ABDB189000436FA /* AppDelegate.swift */,
				710688BD2ABDB189000436FA /* SceneDelegate.swift */,
				710688BF2ABDB189000436FA /* ViewController.swift */,
				710688C12ABDB189000436FA /* Main.storyboard */,
				710688C42ABDB18A000436FA /* Assets.xcassets */,
				710688C62ABDB18A000436FA /* LaunchScreen.storyboard */,
				710688C92ABDB18A000436FA /* Info.plist */,
				7152161B2ABDBCF70001D86E /* Unity.swift */,
				7152161D2ABDBD1A0001D86E /* ContentView.swift */,
			);
			path = SwiftUnity;
			sourceTree = "<group>";
		};
		7133430C2ABDBF3B00887350 /* Frameworks */ = {
			isa = PBXGroup;
			children = (
				71E903472ABDBFC900C67A12 /* UnityDriver.framework */,
				71E903442ABDBFC500C67A12 /* VuforiaEngine.framework */,
				7133430D2ABDBF3B00887350 /* UnityFramework.framework */,
				03B5D3CD9678AE3C7FD9A08B /* Pods_SwiftUnity.framework */,
			);
			name = Frameworks;
			sourceTree = "<group>";
		};
/* End PBXGroup section */

/* Begin PBXNativeTarget section */
		710688B72ABDB189000436FA /* SwiftUnity */ = {
			isa = PBXNativeTarget;
			buildConfigurationList = 710688CC2ABDB18A000436FA /* Build configuration list for PBXNativeTarget "SwiftUnity" */;
			buildPhases = (
				C6F6E486A67026FC8122F333 /* [CP] Check Pods Manifest.lock */,
				710688B42ABDB189000436FA /* Sources */,
				710688B52ABDB189000436FA /* Frameworks */,
				710688B62ABDB189000436FA /* Resources */,
				713343102ABDBF3B00887350 /* Embed Frameworks */,
				FAB5CB6DDF1869D6BD8B6485 /* [CP] Copy Pods Resources */,
			);
			buildRules = (
			);
			dependencies = (
			);
			name = SwiftUnity;
			productName = SwiftUnity;
			productReference = 7133430B2ABDBEA000887350 /* SwiftUnity.app */;
			productType = "com.apple.product-type.application";
		};
/* End PBXNativeTarget section */

/* Begin PBXProject section */
		710688B02ABDB189000436FA /* Project object */ = {
			isa = PBXProject;
			attributes = {
				BuildIndependentTargetsInParallel = 1;
				LastSwiftUpdateCheck = 1430;
				LastUpgradeCheck = 1430;
				TargetAttributes = {
					710688B72ABDB189000436FA = {
						CreatedOnToolsVersion = 14.3.1;
					};
				};
			};
			buildConfigurationList = 710688B32ABDB189000436FA /* Build configuration list for PBXProject "SwiftUnity" */;
			compatibilityVersion = "Xcode 14.0";
			developmentRegion = en;
			hasScannedForEncodings = 0;
			knownRegions = (
				en,
				Base,
			);
			mainGroup = 710688AF2ABDB189000436FA;
			productRefGroup = 710688AF2ABDB189000436FA;
			projectDirPath = "";
			projectRoot = "";
			targets = (
				710688B72ABDB189000436FA /* SwiftUnity */,
			);
		};
/* End PBXProject section */

/* Begin PBXResourcesBuildPhase section */
		710688B62ABDB189000436FA /* Resources */ = {
			isa = PBXResourcesBuildPhase;
			buildActionMask = 2147483647;
			files = (
				710688C82ABDB18A000436FA /* LaunchScreen.storyboard in Resources */,
				710688C52ABDB18A000436FA /* Assets.xcassets in Resources */,
				710688C32ABDB189000436FA /* Main.storyboard in Resources */,
			);
			runOnlyForDeploymentPostprocessing = 0;
		};
/* End PBXResourcesBuildPhase section */

/* Begin PBXShellScriptBuildPhase section */
		C6F6E486A67026FC8122F333 /* [CP] Check Pods Manifest.lock */ = {
			isa = PBXShellScriptBuildPhase;
			buildActionMask = 2147483647;
			files = (
			);
			inputFileListPaths = (
			);
			inputPaths = (
				"${PODS_PODFILE_DIR_PATH}/Podfile.lock",
				"${PODS_ROOT}/Manifest.lock",
			);
			name = "[CP] Check Pods Manifest.lock";
			outputFileListPaths = (
			);
			outputPaths = (
				"$(DERIVED_FILE_DIR)/Pods-SwiftUnity-checkManifestLockResult.txt",
			);
			runOnlyForDeploymentPostprocessing = 0;
			shellPath = /bin/sh;
			shellScript = "diff \"${PODS_PODFILE_DIR_PATH}/Podfile.lock\" \"${PODS_ROOT}/Manifest.lock\" > /dev/null\nif [ $? != 0 ] ; then\n    # print error to STDERR\n    echo \"error: The sandbox is not in sync with the Podfile.lock. Run 'pod install' or update your CocoaPods installation.\" >&2\n    exit 1\nfi\n# This output is used by Xcode 'outputs' to avoid re-running this script phase.\necho \"SUCCESS\" > \"${SCRIPT_OUTPUT_FILE_0}\"\n";
			showEnvVarsInLog = 0;
		};
		FAB5CB6DDF1869D6BD8B6485 /* [CP] Copy Pods Resources */ = {
			isa = PBXShellScriptBuildPhase;
			buildActionMask = 2147483647;
			files = (
			);
			inputFileListPaths = (
				"${PODS_ROOT}/Target Support Files/Pods-SwiftUnity/Pods-SwiftUnity-resources-${CONFIGURATION}-input-files.xcfilelist",
			);
			name = "[CP] Copy Pods Resources";
			outputFileListPaths = (
				"${PODS_ROOT}/Target Support Files/Pods-SwiftUnity/Pods-SwiftUnity-resources-${CONFIGURATION}-output-files.xcfilelist",
			);
			runOnlyForDeploymentPostprocessing = 0;
			shellPath = /bin/sh;
			shellScript = "\"${PODS_ROOT}/Target Support Files/Pods-SwiftUnity/Pods-SwiftUnity-resources.sh\"\n";
			showEnvVarsInLog = 0;
		};
/* End PBXShellScriptBuildPhase section */

/* Begin PBXSourcesBuildPhase section */
		710688B42ABDB189000436FA /* Sources */ = {
			isa = PBXSourcesBuildPhase;
			buildActionMask = 2147483647;
			files = (
				710688C02ABDB189000436FA /* ViewController.swift in Sources */,
				7152161E2ABDBD1A0001D86E /* ContentView.swift in Sources */,
				710688BC2ABDB189000436FA /* AppDelegate.swift in Sources */,
				710688BE2ABDB189000436FA /* SceneDelegate.swift in Sources */,
				7152161C2ABDBCF70001D86E /* Unity.swift in Sources */,
			);
			runOnlyForDeploymentPostprocessing = 0;
		};
/* End PBXSourcesBuildPhase section */

/* Begin PBXVariantGroup section */
		710688C12ABDB189000436FA /* Main.storyboard */ = {
			isa = PBXVariantGroup;
			children = (
				710688C22ABDB189000436FA /* Base */,
			);
			name = Main.storyboard;
			sourceTree = "<group>";
		};
		710688C62ABDB18A000436FA /* LaunchScreen.storyboard */ = {
			isa = PBXVariantGroup;
			children = (
				710688C72ABDB18A000436FA /* Base */,
			);
			name = LaunchScreen.storyboard;
			sourceTree = "<group>";
		};
/* End PBXVariantGroup section */

/* Begin XCBuildConfiguration section */
		710688CA2ABDB18A000436FA /* Debug */ = {
			isa = XCBuildConfiguration;
			buildSettings = {
				ALWAYS_SEARCH_USER_PATHS = NO;
				CLANG_ANALYZER_NONNULL = YES;
				CLANG_ANALYZER_NUMBER_OBJECT_CONVERSION = YES_AGGRESSIVE;
				CLANG_CXX_LANGUAGE_STANDARD = "gnu++20";
				CLANG_ENABLE_MODULES = YES;
				CLANG_ENABLE_OBJC_ARC = YES;
				CLANG_ENABLE_OBJC_WEAK = YES;
				CLANG_WARN_BLOCK_CAPTURE_AUTORELEASING = YES;
				CLANG_WARN_BOOL_CONVERSION = YES;
				CLANG_WARN_COMMA = YES;
				CLANG_WARN_CONSTANT_CONVERSION = YES;
				CLANG_WARN_DEPRECATED_OBJC_IMPLEMENTATIONS = YES;
				CLANG_WARN_DIRECT_OBJC_ISA_USAGE = YES_ERROR;
				CLANG_WARN_DOCUMENTATION_COMMENTS = YES;
				CLANG_WARN_EMPTY_BODY = YES;
				CLANG_WARN_ENUM_CONVERSION = YES;
				CLANG_WARN_INFINITE_RECURSION = YES;
				CLANG_WARN_INT_CONVERSION = YES;
				CLANG_WARN_NON_LITERAL_NULL_CONVERSION = YES;
				CLANG_WARN_OBJC_IMPLICIT_RETAIN_SELF = YES;
				CLANG_WARN_OBJC_LITERAL_CONVERSION = YES;
				CLANG_WARN_OBJC_ROOT_CLASS = YES_ERROR;
				CLANG_WARN_QUOTED_INCLUDE_IN_FRAMEWORK_HEADER = YES;
				CLANG_WARN_RANGE_LOOP_ANALYSIS = YES;
				CLANG_WARN_STRICT_PROTOTYPES = YES;
				CLANG_WARN_SUSPICIOUS_MOVE = YES;
				CLANG_WARN_UNGUARDED_AVAILABILITY = YES_AGGRESSIVE;
				CLANG_WARN_UNREACHABLE_CODE = YES;
				CLANG_WARN__DUPLICATE_METHOD_MATCH = YES;
				COPY_PHASE_STRIP = NO;
				DEBUG_INFORMATION_FORMAT = dwarf;
				ENABLE_STRICT_OBJC_MSGSEND = YES;
				ENABLE_TESTABILITY = YES;
				GCC_C_LANGUAGE_STANDARD = gnu11;
				GCC_DYNAMIC_NO_PIC = NO;
				GCC_NO_COMMON_BLOCKS = YES;
				GCC_OPTIMIZATION_LEVEL = 0;
				GCC_PREPROCESSOR_DEFINITIONS = (
					"DEBUG=1",
					"$(inherited)",
				);
				GCC_WARN_64_TO_32_BIT_CONVERSION = YES;
				GCC_WARN_ABOUT_RETURN_TYPE = YES_ERROR;
				GCC_WARN_UNDECLARED_SELECTOR = YES;
				GCC_WARN_UNINITIALIZED_AUTOS = YES_AGGRESSIVE;
				GCC_WARN_UNUSED_FUNCTION = YES;
				GCC_WARN_UNUSED_VARIABLE = YES;
				IPHONEOS_DEPLOYMENT_TARGET = 16.4;
				MTL_ENABLE_DEBUG_INFO = INCLUDE_SOURCE;
				MTL_FAST_MATH = YES;
				ONLY_ACTIVE_ARCH = YES;
				SDKROOT = iphoneos;
				SWIFT_ACTIVE_COMPILATION_CONDITIONS = DEBUG;
				SWIFT_OPTIMIZATION_LEVEL = "-Onone";
			};
			name = Debug;
		};
		710688CB2ABDB18A000436FA /* Release */ = {
			isa = XCBuildConfiguration;
			buildSettings = {
				ALWAYS_SEARCH_USER_PATHS = NO;
				CLANG_ANALYZER_NONNULL = YES;
				CLANG_ANALYZER_NUMBER_OBJECT_CONVERSION = YES_AGGRESSIVE;
				CLANG_CXX_LANGUAGE_STANDARD = "gnu++20";
				CLANG_ENABLE_MODULES = YES;
				CLANG_ENABLE_OBJC_ARC = YES;
				CLANG_ENABLE_OBJC_WEAK = YES;
				CLANG_WARN_BLOCK_CAPTURE_AUTORELEASING = YES;
				CLANG_WARN_BOOL_CONVERSION = YES;
				CLANG_WARN_COMMA = YES;
				CLANG_WARN_CONSTANT_CONVERSION = YES;
				CLANG_WARN_DEPRECATED_OBJC_IMPLEMENTATIONS = YES;
				CLANG_WARN_DIRECT_OBJC_ISA_USAGE = YES_ERROR;
				CLANG_WARN_DOCUMENTATION_COMMENTS = YES;
				CLANG_WARN_EMPTY_BODY = YES;
				CLANG_WARN_ENUM_CONVERSION = YES;
				CLANG_WARN_INFINITE_RECURSION = YES;
				CLANG_WARN_INT_CONVERSION = YES;
				CLANG_WARN_NON_LITERAL_NULL_CONVERSION = YES;
				CLANG_WARN_OBJC_IMPLICIT_RETAIN_SELF = YES;
				CLANG_WARN_OBJC_LITERAL_CONVERSION = YES;
				CLANG_WARN_OBJC_ROOT_CLASS = YES_ERROR;
				CLANG_WARN_QUOTED_INCLUDE_IN_FRAMEWORK_HEADER = YES;
				CLANG_WARN_RANGE_LOOP_ANALYSIS = YES;
				CLANG_WARN_STRICT_PROTOTYPES = YES;
				CLANG_WARN_SUSPICIOUS_MOVE = YES;
				CLANG_WARN_UNGUARDED_AVAILABILITY = YES_AGGRESSIVE;
				CLANG_WARN_UNREACHABLE_CODE = YES;
				CLANG_WARN__DUPLICATE_METHOD_MATCH = YES;
				COPY_PHASE_STRIP = NO;
				DEBUG_INFORMATION_FORMAT = "dwarf-with-dsym";
				ENABLE_NS_ASSERTIONS = NO;
				ENABLE_STRICT_OBJC_MSGSEND = YES;
				GCC_C_LANGUAGE_STANDARD = gnu11;
				GCC_NO_COMMON_BLOCKS = YES;
				GCC_WARN_64_TO_32_BIT_CONVERSION = YES;
				GCC_WARN_ABOUT_RETURN_TYPE = YES_ERROR;
				GCC_WARN_UNDECLARED_SELECTOR = YES;
				GCC_WARN_UNINITIALIZED_AUTOS = YES_AGGRESSIVE;
				GCC_WARN_UNUSED_FUNCTION = YES;
				GCC_WARN_UNUSED_VARIABLE = YES;
				IPHONEOS_DEPLOYMENT_TARGET = 16.4;
				MTL_ENABLE_DEBUG_INFO = NO;
				MTL_FAST_MATH = YES;
				SDKROOT = iphoneos;
				SWIFT_COMPILATION_MODE = wholemodule;
				SWIFT_OPTIMIZATION_LEVEL = "-O";
				VALIDATE_PRODUCT = YES;
			};
			name = Release;
		};
		710688CD2ABDB18A000436FA /* Debug */ = {
			isa = XCBuildConfiguration;
			baseConfigurationReference = 1030F6AA2CCC510B4F45496F /* Pods-SwiftUnity.debug.xcconfig */;
			buildSettings = {
				ASSETCATALOG_COMPILER_APPICON_NAME = AppIcon;
				ASSETCATALOG_COMPILER_GLOBAL_ACCENT_COLOR_NAME = AccentColor;
				CODE_SIGN_STYLE = Automatic;
				CURRENT_PROJECT_VERSION = 1;
				DEVELOPMENT_TEAM = 75J747ELNR;
				FRAMEWORK_SEARCH_PATHS = (
					"$(inherited)",
					"$(PROJECT_DIR)/Frameworks/com.ptc.vuforia.engine/Vuforia/Plugins/iOS",
				);
				GENERATE_INFOPLIST_FILE = YES;
				INFOPLIST_FILE = SwiftUnity/Info.plist;
				INFOPLIST_KEY_UIApplicationSupportsIndirectInputEvents = YES;
				INFOPLIST_KEY_UILaunchStoryboardName = LaunchScreen;
				INFOPLIST_KEY_UIMainStoryboardFile = Main;
				INFOPLIST_KEY_UISupportedInterfaceOrientations_iPad = "UIInterfaceOrientationPortrait UIInterfaceOrientationPortraitUpsideDown UIInterfaceOrientationLandscapeLeft UIInterfaceOrientationLandscapeRight";
				INFOPLIST_KEY_UISupportedInterfaceOrientations_iPhone = "UIInterfaceOrientationPortrait UIInterfaceOrientationLandscapeLeft UIInterfaceOrientationLandscapeRight";
				LD_RUNPATH_SEARCH_PATHS = (
					"$(inherited)",
					"@executable_path/Frameworks",
				);
				MARKETING_VERSION = 1.0;
				PRODUCT_BUNDLE_IDENTIFIER = com.shree.swiftUnity.SwiftUnity;
				PRODUCT_NAME = "$(TARGET_NAME)";
				SWIFT_EMIT_LOC_STRINGS = YES;
				SWIFT_VERSION = 5.0;
				TARGETED_DEVICE_FAMILY = "1,2";
			};
			name = Debug;
		};
		710688CE2ABDB18A000436FA /* Release */ = {
			isa = XCBuildConfiguration;
			baseConfigurationReference = CB2BE00BA4BDC84EE304C89E /* Pods-SwiftUnity.release.xcconfig */;
			buildSettings = {
				ASSETCATALOG_COMPILER_APPICON_NAME = AppIcon;
				ASSETCATALOG_COMPILER_GLOBAL_ACCENT_COLOR_NAME = AccentColor;
				CODE_SIGN_STYLE = Automatic;
				CURRENT_PROJECT_VERSION = 1;
				DEVELOPMENT_TEAM = 75J747ELNR;
				FRAMEWORK_SEARCH_PATHS = (
					"$(inherited)",
					"$(PROJECT_DIR)/Frameworks/com.ptc.vuforia.engine/Vuforia/Plugins/iOS",
				);
				GENERATE_INFOPLIST_FILE = YES;
				INFOPLIST_FILE = SwiftUnity/Info.plist;
				INFOPLIST_KEY_UIApplicationSupportsIndirectInputEvents = YES;
				INFOPLIST_KEY_UILaunchStoryboardName = LaunchScreen;
				INFOPLIST_KEY_UIMainStoryboardFile = Main;
				INFOPLIST_KEY_UISupportedInterfaceOrientations_iPad = "UIInterfaceOrientationPortrait UIInterfaceOrientationPortraitUpsideDown UIInterfaceOrientationLandscapeLeft UIInterfaceOrientationLandscapeRight";
				INFOPLIST_KEY_UISupportedInterfaceOrientations_iPhone = "UIInterfaceOrientationPortrait UIInterfaceOrientationLandscapeLeft UIInterfaceOrientationLandscapeRight";
				LD_RUNPATH_SEARCH_PATHS = (
					"$(inherited)",
					"@executable_path/Frameworks",
				);
				MARKETING_VERSION = 1.0;
				PRODUCT_BUNDLE_IDENTIFIER = com.shree.swiftUnity.SwiftUnity;
				PRODUCT_NAME = "$(TARGET_NAME)";
				SWIFT_EMIT_LOC_STRINGS = YES;
				SWIFT_VERSION = 5.0;
				TARGETED_DEVICE_FAMILY = "1,2";
			};
			name = Release;
		};
/* End XCBuildConfiguration section */

/* Begin XCConfigurationList section */
		710688B32ABDB189000436FA /* Build configuration list for PBXProject "SwiftUnity" */ = {
			isa = XCConfigurationList;
			buildConfigurations = (
				710688CA2ABDB18A000436FA /* Debug */,
				710688CB2ABDB18A000436FA /* Release */,
			);
			defaultConfigurationIsVisible = 0;
			defaultConfigurationName = Release;
		};
		710688CC2ABDB18A000436FA /* Build configuration list for PBXNativeTarget "SwiftUnity" */ = {
			isa = XCConfigurationList;
			buildConfigurations = (
				710688CD2ABDB18A000436FA /* Debug */,
				710688CE2ABDB18A000436FA /* Release */,
			);
			defaultConfigurationIsVisible = 0;
			defaultConfigurationName = Release;
		};
/* End XCConfigurationList section */
	};
	rootObject = 710688B02ABDB189000436FA /* Project object */;
}
